{
  "name": "test",
  "lockfileVersion": 3,
  "requires": true,
  "packages": {
    "": {
      "dependencies": {
        "sfks-frame-print": "^1.0.0"
      }
    },
    "node_modules/sfks-frame-print": {
      "version": "1.0.0",
      "resolved": "https://registry.npmjs.org/sfks-frame-print/-/sfks-frame-print-1.0.0.tgz",
      "integrity": "sha512-oiYHnO5sh0iBKCVWRhxV9zRpmfIjSX9KzzPz0aeF2niWLlqIXri9RZCLM0ySWiOn7BgUTNHw+N1ROXHZ7OAUkQ=="
    }
  }
}
